
Microsoft Visual Studio Solution File, Format Version 12.00
# Visual Studio Version 17
VisualStudioVersion = 17.5.002.0
MinimumVisualStudioVersion = 10.0.40219.1
Project("{9A19103F-16F7-4668-BE54-9A1E7A4F7556}") = "Fibonacci", "Fibonacci.csproj", "{507673A2-37B9-44C5-8A4B-9FDB1E433594}"
EndProject
Global
	GlobalSection(SolutionConfigurationPlatforms) = preSolution
		Debug|Any CPU = Debug|Any CPU
		Release|Any CPU = Release|Any CPU
	EndGlobalSection
	GlobalSection(ProjectConfigurationPlatforms) = postSolution
		{507673A2-37B9-44C5-8A4B-9FDB1E433594}.Debug|Any CPU.ActiveCfg = Debug|Any CPU
		{507673A2-37B9-44C5-8A4B-9FDB1E433594}.Debug|Any CPU.Build.0 = Debug|Any CPU
		{507673A2-37B9-44C5-8A4B-9FDB1E433594}.Release|Any CPU.ActiveCfg = Release|Any CPU
		{507673A2-37B9-44C5-8A4B-9FDB1E433594}.Release|Any CPU.Build.0 = Release|Any CPU
	EndGlobalSection
	GlobalSection(SolutionProperties) = preSolution
		HideSolutionNode = FALSE
	EndGlobalSection
	GlobalSection(ExtensibilityGlobals) = postSolution
		SolutionGuid = {BFF89194-854E-4706-8E93-31C253C7B158}
	EndGlobalSection
EndGlobal
